# This file was autogenerated by Stack.
# You should not edit this file by hand.
# For more information, please see the documentation at:
#   https://docs.haskellstack.org/en/stable/lock_files

packages:
- completed:
    hackage: parsec-3.1.13.0@sha256:d56210cf092db6e43024d9e8871c7e05a8e9e36e9aec09356e5bd401ea8f5a0c,4121
    pantry-tree:
      size: 2572
      sha256: 4668989c4bc0e7ed127b854cde9ed60f949664f5c62cfe8d87011e1141d3a833
  original:
    hackage: parsec-3.1.13.0
snapshots:
- completed:
    size: 495191
    url: https://raw.githubusercontent.com/commercialhaskell/stackage-snapshots/master/lts/13/5.yaml
    sha256: 9aa96e7a2183db5bd50fc78c463b9738b73b036818cfb4106b82c62e652b7fcf
  original: lts-13.5
